{
  "name": "aione-team-control",
  "version": "0.3.0",
  "lockfileVersion": 3,
  "requires": true,
  "packages": {
    "": {
      "name": "aione-team-control",
      "version": "0.3.0",
      "dependencies": {
        "@azure/msal-browser": "4.30.0"
      }
    },
    "node_modules/@azure/msal-browser": {
      "version": "4.30.0",
      "resolved": "https://registry.npmjs.org/@azure/msal-browser/-/msal-browser-4.30.0.tgz",
      "integrity": "sha512-HBBKfbZkMVzzF5bofvS1cXuNHFVc+gt4/HOnCmG/0hsHuZRJvJvDg/+7nTwIpoqvJc8BQp5o23rBUfisOLxR+w==",
      "license": "MIT",
      "dependencies": {
        "@azure/msal-common": "15.17.0"
      },
      "engines": {
        "node": ">=0.8.0"
      }
    },
    "node_modules/@azure/msal-common": {
      "version": "15.17.0",
      "resolved": "https://registry.npmjs.org/@azure/msal-common/-/msal-common-15.17.0.tgz",
      "integrity": "sha512-VQ5/gTLFADkwue+FohVuCqlzFPUq4xSrX8jeZe+iwZuY6moliNC8xt86qPVNYdtbQfELDf2Nu6LI+demFPHGgw==",
      "license": "MIT",
      "engines": {
        "node": ">=0.8.0"
      }
    }
  }
}
